
Microsoft Visual Studio Solution File, Format Version 12.00
# Visual Studio Version 17
VisualStudioVersion = 17.2.32630.192
MinimumVisualStudioVersion = 10.0.40219.1
Project("{9A19103F-16F7-4668-BE54-9A1E7A4F7556}") = "HPGL2Library", "HPGL2Library\HPGL2Library.csproj", "{4D1736A2-AC95-428E-A54E-4B9D04ACACC3}"
EndProject
Project("{2150E333-8FDC-42A3-9474-1A3956D46DE8}") = "ThirdParty", "ThirdParty", "{97047BE1-9351-47AE-897A-7924E2619B83}"
EndProject
Project("{2150E333-8FDC-42A3-9474-1A3956D46DE8}") = "TracerLibrary", "TracerLibrary", "{C7079C6B-7EF0-445E-A229-3CCE88FCDA8C}"
EndProject
Project("{2150E333-8FDC-42A3-9474-1A3956D46DE8}") = "netcoreapp3.1", "netcoreapp3.1", "{10322D0C-B92C-4F1F-B03C-6428CADCCDC8}"
	ProjectSection(SolutionItems) = preProject
		ThirdParty\TracerLibrary\netcoreapp3.1\TracerLibrary.dll = ThirdParty\TracerLibrary\netcoreapp3.1\TracerLibrary.dll
	EndProjectSection
EndProject
Project("{9A19103F-16F7-4668-BE54-9A1E7A4F7556}") = "HPGL2Console", "HPGL2Console\HPGL2Console.csproj", "{AADCFB8F-8972-403A-8612-1CD3C2E58D5C}"
EndProject
Project("{2150E333-8FDC-42A3-9474-1A3956D46DE8}") = "GCodeLibrary", "GCodeLibrary", "{2F99B732-7173-4009-ADAD-C87DB089330A}"
	ProjectSection(SolutionItems) = preProject
		..\Gcode\GcodeLibrary\bin\Debug\netcoreapp3.1\GcodeLibrary.dll = ..\Gcode\GcodeLibrary\bin\Debug\netcoreapp3.1\GcodeLibrary.dll
	EndProjectSection
EndProject
Project("{2150E333-8FDC-42A3-9474-1A3956D46DE8}") = "ShapeLibrary", "ShapeLibrary", "{04ED48FD-5BCF-4B25-B051-DB728D7ABCB5}"
	ProjectSection(SolutionItems) = preProject
		..\Shape\ShapeLibrary\bin\Debug\netcoreapp3.1\ShapeLibrary.dll = ..\Shape\ShapeLibrary\bin\Debug\netcoreapp3.1\ShapeLibrary.dll
	EndProjectSection
EndProject
Project("{2150E333-8FDC-42A3-9474-1A3956D46DE8}") = "DXFLibrary", "DXFLibrary", "{B2DC214F-4C3D-4420-A286-A2B57294FFA4}"
	ProjectSection(SolutionItems) = preProject
		..\DXF\DXFLibrary\bin\Debug\netcoreapp3.1\DXFLibrary.dll = ..\DXF\DXFLibrary\bin\Debug\netcoreapp3.1\DXFLibrary.dll
	EndProjectSection
EndProject
Global
	GlobalSection(SolutionConfigurationPlatforms) = preSolution
		Debug|Any CPU = Debug|Any CPU
		Release|Any CPU = Release|Any CPU
	EndGlobalSection
	GlobalSection(ProjectConfigurationPlatforms) = postSolution
		{4D1736A2-AC95-428E-A54E-4B9D04ACACC3}.Debug|Any CPU.ActiveCfg = Debug|Any CPU
		{4D1736A2-AC95-428E-A54E-4B9D04ACACC3}.Debug|Any CPU.Build.0 = Debug|Any CPU
		{4D1736A2-AC95-428E-A54E-4B9D04ACACC3}.Release|Any CPU.ActiveCfg = Release|Any CPU
		{4D1736A2-AC95-428E-A54E-4B9D04ACACC3}.Release|Any CPU.Build.0 = Release|Any CPU
		{AADCFB8F-8972-403A-8612-1CD3C2E58D5C}.Debug|Any CPU.ActiveCfg = Debug|Any CPU
		{AADCFB8F-8972-403A-8612-1CD3C2E58D5C}.Debug|Any CPU.Build.0 = Debug|Any CPU
		{AADCFB8F-8972-403A-8612-1CD3C2E58D5C}.Release|Any CPU.ActiveCfg = Release|Any CPU
		{AADCFB8F-8972-403A-8612-1CD3C2E58D5C}.Release|Any CPU.Build.0 = Release|Any CPU
	EndGlobalSection
	GlobalSection(SolutionProperties) = preSolution
		HideSolutionNode = FALSE
	EndGlobalSection
	GlobalSection(NestedProjects) = preSolution
		{C7079C6B-7EF0-445E-A229-3CCE88FCDA8C} = {97047BE1-9351-47AE-897A-7924E2619B83}
		{10322D0C-B92C-4F1F-B03C-6428CADCCDC8} = {C7079C6B-7EF0-445E-A229-3CCE88FCDA8C}
		{2F99B732-7173-4009-ADAD-C87DB089330A} = {97047BE1-9351-47AE-897A-7924E2619B83}
		{04ED48FD-5BCF-4B25-B051-DB728D7ABCB5} = {97047BE1-9351-47AE-897A-7924E2619B83}
		{B2DC214F-4C3D-4420-A286-A2B57294FFA4} = {97047BE1-9351-47AE-897A-7924E2619B83}
	EndGlobalSection
	GlobalSection(ExtensibilityGlobals) = postSolution
		SolutionGuid = {A9BF0F8F-1807-4FA0-9550-6F2B89262FA6}
	EndGlobalSection
EndGlobal
